<?xml version="1.0" encoding="utf-8"?>
<Project ToolsVersion="12.0" xmlns="http://schemas.microsoft.com/developer/msbuild/2003">
  <ItemGroup>
    <ClCompile Include="..\..\src\AboutDlg\AboutDialog.cpp">
      <Filter>src\AboutDlg</Filter>
    </ClCompile>
    <ClCompile Include="..\..\src\AboutDlg\URLCtrl.cpp">
      <Filter>src\AboutDlg</Filter>
    </ClCompile>
    <ClCompile Include="..\..\src\NppAPI\StaticDialog.cpp">
      <Filter>src\NppAPI</Filter>
    </ClCompile>
    <ClCompile Include="..\..\src\SQLite\SqliteHelper.cpp">
      <Filter>src\SQLite</Filter>
    </ClCompile>
    <ClCompile Include="..\..\src\LibGit2\LibGit2Helper.cpp">
      <Filter>src\LibGit2</Filter>
    </ClCompile>
    <ClCompile Include="..\..\src\NavDlg\NavDialog.cpp">
      <Filter>src\NavDlg</Filter>
    </ClCompile>
    <ClCompile Include="..\..\src\SettingsDlg\SettingsDialog.cpp">
      <Filter>src\SettingsDlg</Filter>
    </ClCompile>
    <ClCompile Include="..\..\src\SettingsDlg\ColorCombo.cpp">
      <Filter>src</Filter>
    </ClCompile>
    <ClCompile Include="..\..\src\SettingsDlg\ColorPopup.cpp">
      <Filter>src</Filter>
    </ClCompile>
    <ClCompile Include="..\..\src\Tools.cpp">
      <Filter>src</Filter>
    </ClCompile>
    <ClCompile Include="..\..\src\UserSettings.cpp">
      <Filter>src</Filter>
    </ClCompile>
    <ClCompile Include="..\..\src\Compare.cpp">
      <Filter>src</Filter>
    </ClCompile>
    <ClCompile Include="..\..\src\NppHelpers.cpp">
      <Filter>src</Filter>
    </ClCompile>
    <ClCompile Include="..\..\src\LibHelpers.cpp">
      <Filter>src</Filter>
    </ClCompile>
    <ClCompile Include="..\..\src\ProgressDlg\ProgressDlg.cpp">
      <Filter>src\ProgressDlg</Filter>
    </ClCompile>
    <ClCompile Include="..\..\src\Engine\Engine.cpp">
      <Filter>src\Engine</Filter>
    </ClCompile>
  </ItemGroup>
  <ItemGroup>
    <ClInclude Include="..\..\src\AboutDlg\URLCtrl.h">
      <Filter>src\AboutDlg</Filter>
    </ClInclude>
    <ClInclude Include="..\..\src\SQLite\SqliteHelper.h">
      <Filter>src\SQLite</Filter>
    </ClInclude>
    <ClInclude Include="..\..\src\LibGit2\LibGit2Helper.h">
      <Filter>src\LibGit2</Filter>
    </ClInclude>
    <ClInclude Include="..\..\src\NavDlg\NavDialog.h">
      <Filter>src\NavDlg</Filter>
    </ClInclude>
    <ClInclude Include="..\..\src\SettingsDlg\ColorCombo.h">
      <Filter>src</Filter>
    </ClInclude>
    <ClInclude Include="..\..\src\SettingsDlg\ColorPopup.h">
      <Filter>src</Filter>
    </ClInclude>
    <ClInclude Include="..\..\src\SettingsDlg\SettingsDialog.h">
      <Filter>src\SettingsDlg</Filter>
    </ClInclude>
    <ClInclude Include="..\..\src\Engine\diff.h">
      <Filter>src\Engine</Filter>
    </ClInclude>
    <ClInclude Include="..\..\src\Engine\varray.h">
      <Filter>src\Engine</Filter>
    </ClInclude>
    <ClInclude Include="..\..\src\Tools.h">
      <Filter>src</Filter>
    </ClInclude>
    <ClInclude Include="..\..\src\UserSettings.h">
      <Filter>src</Filter>
    </ClInclude>
    <ClInclude Include="..\..\src\Compare.h">
      <Filter>src</Filter>
    </ClInclude>
    <ClInclude Include="..\..\src\NppHelpers.h">
      <Filter>src</Filter>
    </ClInclude>
    <ClInclude Include="..\..\src\Resource.h">
      <Filter>src</Filter>
    </ClInclude>
    <ClInclude Include="..\..\src\LibHelpers.h">
      <Filter>src</Filter>
    </ClInclude>
    <ClInclude Include="..\..\src\NppAPI\Window.h">
      <Filter>src\NppAPI</Filter>
    </ClInclude>
    <ClInclude Include="..\..\src\NppAPI\NppInternalDefines.h">
      <Filter>src\NppAPI</Filter>
    </ClInclude>
    <ClInclude Include="..\..\src\NppAPI\Docking.h">
      <Filter>src\NppAPI</Filter>
    </ClInclude>
    <ClInclude Include="..\..\src\NppAPI\dockingResource.h">
      <Filter>src\NppAPI</Filter>
    </ClInclude>
    <ClInclude Include="..\..\src\NppAPI\DockingDlgInterface.h">
      <Filter>src\NppAPI</Filter>
    </ClInclude>
    <ClInclude Include="..\..\src\NppAPI\Notepad_plus_msgs.h">
      <Filter>src\NppAPI</Filter>
    </ClInclude>
    <ClInclude Include="..\..\src\NppAPI\menuCmdID.h">
      <Filter>src\NppAPI</Filter>
    </ClInclude>
    <ClInclude Include="..\..\src\NppAPI\PluginInterface.h">
      <Filter>src\NppAPI</Filter>
    </ClInclude>
    <ClInclude Include="..\..\src\NppAPI\Scintilla.h">
      <Filter>src\NppAPI</Filter>
    </ClInclude>
    <ClInclude Include="..\..\src\NppAPI\StaticDialog.h">
      <Filter>src\NppAPI</Filter>
    </ClInclude>
    <ClInclude Include="..\..\src\AboutDlg\AboutDialog.h">
      <Filter>src\AboutDlg</Filter>
    </ClInclude>
    <ClInclude Include="..\..\src\ProgressDlg\ProgressDlg.h">
      <Filter>src\ProgressDlg</Filter>
    </ClInclude>
    <ClInclude Include="..\..\src\XpmIcons\icon_add_16.h">
      <Filter>src\XpmIcons</Filter>
    </ClInclude>
    <ClInclude Include="..\..\src\XpmIcons\icon_moved_16.h">
      <Filter>src\XpmIcons</Filter>
    </ClInclude>
    <ClInclude Include="..\..\src\XpmIcons\icon_sub_16.h">
      <Filter>src\XpmIcons</Filter>
    </ClInclude>
    <ClInclude Include="..\..\src\XpmIcons\icon_diff_16.h">
      <Filter>src\XpmIcons</Filter>
    </ClInclude>
    <ClInclude Include="..\..\src\Engine\Engine.h">
      <Filter>src\Engine</Filter>
    </ClInclude>
  </ItemGroup>
  <ItemGroup>
    <None Include="..\..\res\FirstToCompare.bmp">
      <Filter>res</Filter>
    </None>
    <None Include="..\..\res\FirstToCompareRTL.bmp">
      <Filter>res</Filter>
    </None>
    <None Include="..\..\res\Compare.bmp">
      <Filter>res</Filter>
    </None>
    <None Include="..\..\res\CompareLines.bmp">
      <Filter>res</Filter>
    </None>
    <None Include="..\..\res\ClearCompare.bmp">
      <Filter>res</Filter>
    </None>
    <None Include="..\..\res\First.bmp">
      <Filter>res</Filter>
    </None>
    <None Include="..\..\res\Last.bmp">
      <Filter>res</Filter>
    </None>
    <None Include="..\..\res\Prev.bmp">
      <Filter>res</Filter>
    </None>
    <None Include="..\..\res\Next.bmp">
      <Filter>res</Filter>
    </None>
    <None Include="..\..\res\NavBar.bmp">
      <Filter>res</Filter>
    </None>
    <None Include="..\..\license.txt" />
    <None Include="..\..\README.md" />
    <None Include="..\..\Help.md" />
  </ItemGroup>
  <ItemGroup>
    <Filter Include="src">
      <UniqueIdentifier>{d5f31a5f-0ced-423b-8e55-1675379ab148}</UniqueIdentifier>
    </Filter>
    <Filter Include="res">
      <UniqueIdentifier>{052d0315-0399-40e1-8d28-f2411c43502a}</UniqueIdentifier>
    </Filter>
    <Filter Include="src\AboutDlg">
      <UniqueIdentifier>{e57f90f9-c55c-448f-8452-be9ec4ea70e2}</UniqueIdentifier>
    </Filter>
    <Filter Include="src\NppAPI">
      <UniqueIdentifier>{fbf206c1-f4dd-4249-82cc-6fc6c9aeb5d2}</UniqueIdentifier>
    </Filter>
    <Filter Include="src\LibGit2">
      <UniqueIdentifier>{0416a425-f8f4-479a-8424-9a0ca85bf447}</UniqueIdentifier>
    </Filter>
    <Filter Include="src\Engine">
      <UniqueIdentifier>{81b86379-fae2-4f7e-ade3-bea5c04730fd}</UniqueIdentifier>
    </Filter>
    <Filter Include="src\SettingsDlg">
      <UniqueIdentifier>{cc4ae5a0-caf0-4bca-ab24-6285b6ae4312}</UniqueIdentifier>
    </Filter>
    <Filter Include="src\NavDlg">
      <UniqueIdentifier>{0722d389-e994-46f1-8f46-89e6aba64d8e}</UniqueIdentifier>
    </Filter>
    <Filter Include="src\SQLite">
      <UniqueIdentifier>{1da4d896-dc9e-465e-93e9-586d52a7fd21}</UniqueIdentifier>
    </Filter>
    <Filter Include="src\ProgressDlg">
      <UniqueIdentifier>{5e43c310-53c0-4d62-b631-9a59e44601a0}</UniqueIdentifier>
    </Filter>
    <Filter Include="src\XpmIcons">
      <UniqueIdentifier>{bf99986e-d174-4d7b-ab9d-719272ac8db5}</UniqueIdentifier>
    </Filter>
  </ItemGroup>
  <ItemGroup>
    <ResourceCompile Include="..\..\src\Compare.rc">
      <Filter>src</Filter>
    </ResourceCompile>
  </ItemGroup>
</Project>